{
  "name": "schoen-claude-status-devtools",
  "version": "0.0.0",
  "lockfileVersion": 3,
  "requires": true,
  "packages": {
    "": {
      "name": "schoen-claude-status-devtools",
      "version": "0.0.0",
      "license": "MIT",
      "devDependencies": {
        "@schoen/aislop": "file:../../../aislop"
      }
    },
    "../../../aislop": {
      "name": "aislop",
      "version": "0.12.3",
      "dev": true,
      "hasInstallScript": true,
      "license": "MIT",
      "dependencies": {
        "@biomejs/biome": "^2.4.5",
        "@clack/prompts": "^1.2.0",
        "@modelcontextprotocol/sdk": "^1.29.0",
        "adm-zip": "^0.5.16",
        "commander": "^14.0.3",
        "expo-doctor": "^1.18.10",
        "ink": "^6.8.0",
        "ink-select-input": "^6.2.0",
        "knip": "^5.85.0",
        "micromatch": "^4.0.8",
        "oxlint": "^1.51.0",
        "picocolors": "^1.1.1",
        "react": "^19.2.7",
        "tar": "^7.5.16",
        "typescript": "^5.9.3",
        "wcwidth": "^1.0.1",
        "yaml": "^2.8.2",
        "zod": "^4.3.6"
      },
      "bin": {
        "aislop": "dist/cli.js",
        "aislop-mcp": "dist/mcp.js"
      },
      "devDependencies": {
        "@types/micromatch": "^4.0.10",
        "@types/node": "^25.6.0",
        "@types/react": "^19.2.17",
        "ink-testing-library": "^4.0.0",
        "tsdown": "^0.20.3",
        "vite": "^7.3.5",
        "vitest": "^4.1.8"
      },
      "engines": {
        "node": ">=20"
      }
    },
    "node_modules/@schoen/aislop": {
      "resolved": "../../../aislop",
      "link": true
    }
  }
}
